
Microsoft Visual Studio Solution File, Format Version 12.00
# Visual Studio Version 16
VisualStudioVersion = 16.0.30621.155
MinimumVisualStudioVersion = 10.0.40219.1
Project("{FAE04EC0-301F-11D3-BF4B-00C04F79EFBC}") = "VK", "VK\VK.csproj", "{A19399F3-386F-49FE-B8D9-716CC8AD5B01}"
EndProject
Global
	GlobalSection(SolutionConfigurationPlatforms) = preSolution
		Debug|Any CPU = Debug|Any CPU
		Release|Any CPU = Release|Any CPU
	EndGlobalSection
	GlobalSection(ProjectConfigurationPlatforms) = postSolution
		{A19399F3-386F-49FE-B8D9-716CC8AD5B01}.Debug|Any CPU.ActiveCfg = Debug|Any CPU
		{A19399F3-386F-49FE-B8D9-716CC8AD5B01}.Debug|Any CPU.Build.0 = Debug|Any CPU
		{A19399F3-386F-49FE-B8D9-716CC8AD5B01}.Release|Any CPU.ActiveCfg = Release|Any CPU
		{A19399F3-386F-49FE-B8D9-716CC8AD5B01}.Release|Any CPU.Build.0 = Release|Any CPU
	EndGlobalSection
	GlobalSection(SolutionProperties) = preSolution
		HideSolutionNode = FALSE
	EndGlobalSection
	GlobalSection(ExtensibilityGlobals) = postSolution
		SolutionGuid = {0FBE9EDA-47E1-4121-93F4-3D66E912DF5C}
	EndGlobalSection
EndGlobal
