
Microsoft Visual Studio Solution File, Format Version 12.00
# Visual Studio Version 16
VisualStudioVersion = 16.0.30621.155
MinimumVisualStudioVersion = 10.0.40219.1
Project("{FAE04EC0-301F-11D3-BF4B-00C04F79EFBC}") = "VK_API", "VK_API\VK_API.csproj", "{A456B697-88F4-4057-A705-F27ECE1ADA65}"
EndProject
Global
	GlobalSection(SolutionConfigurationPlatforms) = preSolution
		Debug|Any CPU = Debug|Any CPU
		Release|Any CPU = Release|Any CPU
	EndGlobalSection
	GlobalSection(ProjectConfigurationPlatforms) = postSolution
		{A456B697-88F4-4057-A705-F27ECE1ADA65}.Debug|Any CPU.ActiveCfg = Debug|Any CPU
		{A456B697-88F4-4057-A705-F27ECE1ADA65}.Debug|Any CPU.Build.0 = Debug|Any CPU
		{A456B697-88F4-4057-A705-F27ECE1ADA65}.Release|Any CPU.ActiveCfg = Release|Any CPU
		{A456B697-88F4-4057-A705-F27ECE1ADA65}.Release|Any CPU.Build.0 = Release|Any CPU
	EndGlobalSection
	GlobalSection(SolutionProperties) = preSolution
		HideSolutionNode = FALSE
	EndGlobalSection
	GlobalSection(ExtensibilityGlobals) = postSolution
		SolutionGuid = {69A5EC18-957A-47CF-92B5-82E19A3BBF5E}
	EndGlobalSection
EndGlobal
